
Microsoft Visual Studio Solution File, Format Version 12.00
# Visual Studio Version 17
VisualStudioVersion = 17.1.32228.430
MinimumVisualStudioVersion = 10.0.40219.1
Project("{FAE04EC0-301F-11D3-BF4B-00C04F79EFBC}") = "Ladeskab", "Ladeskab\Ladeskab.csproj", "{9C62EC81-B4C8-444C-8F29-4541AE2ABAA3}"
EndProject
Project("{FAE04EC0-301F-11D3-BF4B-00C04F79EFBC}") = "LadeskabTest", "LadeskabTest\LadeskabTest.csproj", "{6C10D892-4193-47ED-9AEB-8C7B940AB4FB}"
EndProject
Global
	GlobalSection(SolutionConfigurationPlatforms) = preSolution
		Debug|Any CPU = Debug|Any CPU
		Release|Any CPU = Release|Any CPU
	EndGlobalSection
	GlobalSection(ProjectConfigurationPlatforms) = postSolution
		{9C62EC81-B4C8-444C-8F29-4541AE2ABAA3}.Debug|Any CPU.ActiveCfg = Debug|Any CPU
		{9C62EC81-B4C8-444C-8F29-4541AE2ABAA3}.Debug|Any CPU.Build.0 = Debug|Any CPU
		{9C62EC81-B4C8-444C-8F29-4541AE2ABAA3}.Release|Any CPU.ActiveCfg = Release|Any CPU
		{9C62EC81-B4C8-444C-8F29-4541AE2ABAA3}.Release|Any CPU.Build.0 = Release|Any CPU
		{6C10D892-4193-47ED-9AEB-8C7B940AB4FB}.Debug|Any CPU.ActiveCfg = Debug|Any CPU
		{6C10D892-4193-47ED-9AEB-8C7B940AB4FB}.Debug|Any CPU.Build.0 = Debug|Any CPU
		{6C10D892-4193-47ED-9AEB-8C7B940AB4FB}.Release|Any CPU.ActiveCfg = Release|Any CPU
		{6C10D892-4193-47ED-9AEB-8C7B940AB4FB}.Release|Any CPU.Build.0 = Release|Any CPU
	EndGlobalSection
	GlobalSection(SolutionProperties) = preSolution
		HideSolutionNode = FALSE
	EndGlobalSection
	GlobalSection(ExtensibilityGlobals) = postSolution
		SolutionGuid = {C406461D-4435-4568-8409-E7ED3B550767}
	EndGlobalSection
EndGlobal
